
Microsoft Visual Studio Solution File, Format Version 12.00
# Visual Studio Express 2013 for Windows Desktop
VisualStudioVersion = 12.0.30723.0
MinimumVisualStudioVersion = 10.0.40219.1
Project("{FAE04EC0-301F-11D3-BF4B-00C04F79EFBC}") = "NLoptNet", "NLoptNet\NLoptNet.csproj", "{C9ADE0C4-BCD0-47E1-951A-F7AFEAE82927}"
EndProject
Project("{FAE04EC0-301F-11D3-BF4B-00C04F79EFBC}") = "NLoptNet.Tests", "NLoptNet.Tests\NLoptNet.Tests.csproj", "{10496B6D-8180-45B0-A0D4-80B72AF40324}"
EndProject
Global
	GlobalSection(SolutionConfigurationPlatforms) = preSolution
		Debug|Any CPU = Debug|Any CPU
		Release|Any CPU = Release|Any CPU
	EndGlobalSection
	GlobalSection(ProjectConfigurationPlatforms) = postSolution
		{C9ADE0C4-BCD0-47E1-951A-F7AFEAE82927}.Debug|Any CPU.ActiveCfg = Debug|Any CPU
		{C9ADE0C4-BCD0-47E1-951A-F7AFEAE82927}.Debug|Any CPU.Build.0 = Debug|Any CPU
		{C9ADE0C4-BCD0-47E1-951A-F7AFEAE82927}.Release|Any CPU.ActiveCfg = Release 3.5|Any CPU
		{C9ADE0C4-BCD0-47E1-951A-F7AFEAE82927}.Release|Any CPU.Build.0 = Release 3.5|Any CPU
		{10496B6D-8180-45B0-A0D4-80B72AF40324}.Debug|Any CPU.ActiveCfg = Debug|Any CPU
		{10496B6D-8180-45B0-A0D4-80B72AF40324}.Debug|Any CPU.Build.0 = Debug|Any CPU
		{10496B6D-8180-45B0-A0D4-80B72AF40324}.Release|Any CPU.ActiveCfg = Release|Any CPU
		{10496B6D-8180-45B0-A0D4-80B72AF40324}.Release|Any CPU.Build.0 = Release|Any CPU
	EndGlobalSection
	GlobalSection(SolutionProperties) = preSolution
		HideSolutionNode = FALSE
	EndGlobalSection
EndGlobal
