
Microsoft Visual Studio Solution File, Format Version 12.00
# Visual Studio Version 17
VisualStudioVersion = 17.1.32228.430
MinimumVisualStudioVersion = 10.0.40219.1
Project("{9A19103F-16F7-4668-BE54-9A1E7A4F7556}") = "NLoptNet.Tests", "NLoptNet.Tests\NLoptNet.Tests.csproj", "{3FBAF56F-C4EB-4AB0-82EB-947ADD2E6E97}"
EndProject
Project("{9A19103F-16F7-4668-BE54-9A1E7A4F7556}") = "NLoptNet.NuGet.Tests", "NLoptNet.NuGet.Tests\NLoptNet.NuGet.Tests.csproj", "{6781C965-513E-4717-A0AD-A1EF339DDEC1}"
EndProject
Project("{FAE04EC0-301F-11D3-BF4B-00C04F79EFBC}") = "NLoptNet_netfx", "NLoptNet\NLoptNet_netfx.csproj", "{CD52EE98-1BE0-41F0-8D91-75DFC51528F5}"
EndProject
Global
	GlobalSection(SolutionConfigurationPlatforms) = preSolution
		Debug|Any CPU = Debug|Any CPU
		Debug|x64 = Debug|x64
		Release|Any CPU = Release|Any CPU
		Release|x64 = Release|x64
	EndGlobalSection
	GlobalSection(ProjectConfigurationPlatforms) = postSolution
		{3FBAF56F-C4EB-4AB0-82EB-947ADD2E6E97}.Debug|Any CPU.ActiveCfg = Debug|x64
		{3FBAF56F-C4EB-4AB0-82EB-947ADD2E6E97}.Debug|x64.ActiveCfg = Debug|x64
		{3FBAF56F-C4EB-4AB0-82EB-947ADD2E6E97}.Debug|x64.Build.0 = Debug|x64
		{3FBAF56F-C4EB-4AB0-82EB-947ADD2E6E97}.Release|Any CPU.ActiveCfg = Release|x64
		{3FBAF56F-C4EB-4AB0-82EB-947ADD2E6E97}.Release|Any CPU.Build.0 = Release|x64
		{3FBAF56F-C4EB-4AB0-82EB-947ADD2E6E97}.Release|x64.ActiveCfg = Release|x64
		{3FBAF56F-C4EB-4AB0-82EB-947ADD2E6E97}.Release|x64.Build.0 = Release|x64
		{6781C965-513E-4717-A0AD-A1EF339DDEC1}.Debug|Any CPU.ActiveCfg = Debug|Any CPU
		{6781C965-513E-4717-A0AD-A1EF339DDEC1}.Debug|x64.ActiveCfg = Debug|Any CPU
		{6781C965-513E-4717-A0AD-A1EF339DDEC1}.Release|Any CPU.ActiveCfg = Release|Any CPU
		{6781C965-513E-4717-A0AD-A1EF339DDEC1}.Release|x64.ActiveCfg = Release|Any CPU
		{CD52EE98-1BE0-41F0-8D91-75DFC51528F5}.Debug|Any CPU.ActiveCfg = Debug|Any CPU
		{CD52EE98-1BE0-41F0-8D91-75DFC51528F5}.Debug|Any CPU.Build.0 = Debug|Any CPU
		{CD52EE98-1BE0-41F0-8D91-75DFC51528F5}.Debug|x64.ActiveCfg = Debug|Any CPU
		{CD52EE98-1BE0-41F0-8D91-75DFC51528F5}.Debug|x64.Build.0 = Debug|Any CPU
		{CD52EE98-1BE0-41F0-8D91-75DFC51528F5}.Release|Any CPU.ActiveCfg = Release|Any CPU
		{CD52EE98-1BE0-41F0-8D91-75DFC51528F5}.Release|Any CPU.Build.0 = Release|Any CPU
		{CD52EE98-1BE0-41F0-8D91-75DFC51528F5}.Release|x64.ActiveCfg = Release|Any CPU
		{CD52EE98-1BE0-41F0-8D91-75DFC51528F5}.Release|x64.Build.0 = Release|Any CPU
	EndGlobalSection
	GlobalSection(SolutionProperties) = preSolution
		HideSolutionNode = FALSE
	EndGlobalSection
	GlobalSection(ExtensibilityGlobals) = postSolution
		SolutionGuid = {6BDE66F1-ABC8-43A4-8953-05CF1B001EB7}
	EndGlobalSection
EndGlobal
