
Microsoft Visual Studio Solution File, Format Version 12.00
# Visual Studio Version 16
VisualStudioVersion = 16.0.30907.101
MinimumVisualStudioVersion = 10.0.40219.1
Project("{9A19103F-16F7-4668-BE54-9A1E7A4F7556}") = "NLoptNet", "NLoptNet\NLoptNet.csproj", "{861744EF-3C2B-4755-8753-1EEB13AF30B7}"
EndProject
Project("{FAE04EC0-301F-11D3-BF4B-00C04F79EFBC}") = "NLoptNet.NuGet.Tests", "NLoptNet.NuGet.Tests\NLoptNet.NuGet.Tests.csproj", "{6781C965-513E-4717-A0AD-A1EF339DDEC1}"
EndProject
Global
	GlobalSection(SolutionConfigurationPlatforms) = preSolution
		Debug|Any CPU = Debug|Any CPU
		Debug|x64 = Debug|x64
		Release|Any CPU = Release|Any CPU
		Release|x64 = Release|x64
	EndGlobalSection
	GlobalSection(ProjectConfigurationPlatforms) = postSolution
		{861744EF-3C2B-4755-8753-1EEB13AF30B7}.Debug|Any CPU.ActiveCfg = Debug|Any CPU
		{861744EF-3C2B-4755-8753-1EEB13AF30B7}.Debug|Any CPU.Build.0 = Debug|Any CPU
		{861744EF-3C2B-4755-8753-1EEB13AF30B7}.Debug|x64.ActiveCfg = Debug|Any CPU
		{861744EF-3C2B-4755-8753-1EEB13AF30B7}.Debug|x64.Build.0 = Debug|Any CPU
		{861744EF-3C2B-4755-8753-1EEB13AF30B7}.Release|Any CPU.ActiveCfg = Release|Any CPU
		{861744EF-3C2B-4755-8753-1EEB13AF30B7}.Release|Any CPU.Build.0 = Release|Any CPU
		{861744EF-3C2B-4755-8753-1EEB13AF30B7}.Release|x64.ActiveCfg = Release|Any CPU
		{861744EF-3C2B-4755-8753-1EEB13AF30B7}.Release|x64.Build.0 = Release|Any CPU
		{6781C965-513E-4717-A0AD-A1EF339DDEC1}.Debug|Any CPU.ActiveCfg = Debug|Any CPU
		{6781C965-513E-4717-A0AD-A1EF339DDEC1}.Debug|x64.ActiveCfg = Debug|Any CPU
		{6781C965-513E-4717-A0AD-A1EF339DDEC1}.Release|Any CPU.ActiveCfg = Release|Any CPU
		{6781C965-513E-4717-A0AD-A1EF339DDEC1}.Release|x64.ActiveCfg = Release|Any CPU
	EndGlobalSection
	GlobalSection(SolutionProperties) = preSolution
		HideSolutionNode = FALSE
	EndGlobalSection
	GlobalSection(ExtensibilityGlobals) = postSolution
		SolutionGuid = {6BDE66F1-ABC8-43A4-8953-05CF1B001EB7}
	EndGlobalSection
EndGlobal
